# This file is automatically @generated by Cargo.
# It is not intended for manual editing.
version = 4

[[package]]
name = "crossbeam-utils"
version = "0.8.21"
source = "registry+https://github.com/rust-lang/crates.io-index"
checksum = "d0a5c400df2834b80a4c3327b3aad3a4c4cd4de0629063962b03235697506a28"

[[package]]
name = "libc"
version = "0.2.186"
source = "registry+https://github.com/rust-lang/crates.io-index"
checksum = "68ab91017fe16c622486840e4c83c9a37afeff978bd239b5293d61ece587de66"

[[package]]
name = "rtrb"
version = "0.3.3"
source = "registry+https://github.com/rust-lang/crates.io-index"
checksum = "7204ed6420f698836b76d4d5c2ec5dec7585fd5c3a788fd1cde855d1de598239"

[[package]]
name = "substrate-rt"
version = "0.1.0"
dependencies = [
 "crossbeam-utils",
 "libc",
 "rtrb",
]
